
Microsoft Visual Studio Solution File, Format Version 12.00
# Visual Studio Version 16
VisualStudioVersion = 16.0.30002.166
MinimumVisualStudioVersion = 10.0.40219.1
Project("{FAE04EC0-301F-11D3-BF4B-00C04F79EFBC}") = "NETFLIX", "NETFLIX\NETFLIX.csproj", "{6CD800BB-8229-4007-B845-7F01A93CE8BA}"
EndProject
Global
	GlobalSection(SolutionConfigurationPlatforms) = preSolution
		Debug|Any CPU = Debug|Any CPU
		Release|Any CPU = Release|Any CPU
	EndGlobalSection
	GlobalSection(ProjectConfigurationPlatforms) = postSolution
		{6CD800BB-8229-4007-B845-7F01A93CE8BA}.Debug|Any CPU.ActiveCfg = Debug|Any CPU
		{6CD800BB-8229-4007-B845-7F01A93CE8BA}.Debug|Any CPU.Build.0 = Debug|Any CPU
		{6CD800BB-8229-4007-B845-7F01A93CE8BA}.Release|Any CPU.ActiveCfg = Release|Any CPU
		{6CD800BB-8229-4007-B845-7F01A93CE8BA}.Release|Any CPU.Build.0 = Release|Any CPU
	EndGlobalSection
	GlobalSection(SolutionProperties) = preSolution
		HideSolutionNode = FALSE
	EndGlobalSection
	GlobalSection(ExtensibilityGlobals) = postSolution
		SolutionGuid = {241306A2-285B-4279-9C0E-D5184A5163BB}
	EndGlobalSection
EndGlobal
